
Microsoft Visual Studio Solution File, Format Version 12.00
# Visual Studio 15
VisualStudioVersion = 15.0.27703.2000
MinimumVisualStudioVersion = 10.0.40219.1
Project("{FAE04EC0-301F-11D3-BF4B-00C04F79EFBC}") = "MMPS.UI", "MMPS.UI\MMPS.UI.csproj", "{E30BFC06-ED9D-4579-9AD9-4DC802DE749E}"
EndProject
Project("{FAE04EC0-301F-11D3-BF4B-00C04F79EFBC}") = "MMPS.DATA", "MMPS.DATA\MMPS.DATA.csproj", "{CA00CF3C-5F82-476A-BB41-4196DD62F5E0}"
EndProject
Global
	GlobalSection(SolutionConfigurationPlatforms) = preSolution
		Debug|Any CPU = Debug|Any CPU
		Release|Any CPU = Release|Any CPU
	EndGlobalSection
	GlobalSection(ProjectConfigurationPlatforms) = postSolution
		{E30BFC06-ED9D-4579-9AD9-4DC802DE749E}.Debug|Any CPU.ActiveCfg = Debug|Any CPU
		{E30BFC06-ED9D-4579-9AD9-4DC802DE749E}.Debug|Any CPU.Build.0 = Debug|Any CPU
		{E30BFC06-ED9D-4579-9AD9-4DC802DE749E}.Release|Any CPU.ActiveCfg = Release|Any CPU
		{E30BFC06-ED9D-4579-9AD9-4DC802DE749E}.Release|Any CPU.Build.0 = Release|Any CPU
		{CA00CF3C-5F82-476A-BB41-4196DD62F5E0}.Debug|Any CPU.ActiveCfg = Debug|Any CPU
		{CA00CF3C-5F82-476A-BB41-4196DD62F5E0}.Debug|Any CPU.Build.0 = Debug|Any CPU
		{CA00CF3C-5F82-476A-BB41-4196DD62F5E0}.Release|Any CPU.ActiveCfg = Release|Any CPU
		{CA00CF3C-5F82-476A-BB41-4196DD62F5E0}.Release|Any CPU.Build.0 = Release|Any CPU
	EndGlobalSection
	GlobalSection(SolutionProperties) = preSolution
		HideSolutionNode = FALSE
	EndGlobalSection
	GlobalSection(ExtensibilityGlobals) = postSolution
		SolutionGuid = {CABEAB01-2A05-4916-BAB1-72F1CADC1DCC}
	EndGlobalSection
EndGlobal
